
Microsoft Visual Studio Solution File, Format Version 12.00
# Visual Studio Version 16
VisualStudioVersion = 16.0.31702.278
MinimumVisualStudioVersion = 10.0.40219.1
Project("{FAE04EC0-301F-11D3-BF4B-00C04F79EFBC}") = "TaskTest", "TaskTest\TaskTest.csproj", "{C754402C-70F0-4E5D-9E9D-0013C6D69574}"
EndProject
Project("{FAE04EC0-301F-11D3-BF4B-00C04F79EFBC}") = "UnitTest", "UnitTest\UnitTest.csproj", "{DD4D64AB-8BCC-4619-8818-77C4C1A456FA}"
EndProject
Global
	GlobalSection(SolutionConfigurationPlatforms) = preSolution
		Debug|Any CPU = Debug|Any CPU
		Release|Any CPU = Release|Any CPU
	EndGlobalSection
	GlobalSection(ProjectConfigurationPlatforms) = postSolution
		{C754402C-70F0-4E5D-9E9D-0013C6D69574}.Debug|Any CPU.ActiveCfg = Debug|Any CPU
		{C754402C-70F0-4E5D-9E9D-0013C6D69574}.Debug|Any CPU.Build.0 = Debug|Any CPU
		{C754402C-70F0-4E5D-9E9D-0013C6D69574}.Release|Any CPU.ActiveCfg = Release|Any CPU
		{C754402C-70F0-4E5D-9E9D-0013C6D69574}.Release|Any CPU.Build.0 = Release|Any CPU
		{DD4D64AB-8BCC-4619-8818-77C4C1A456FA}.Debug|Any CPU.ActiveCfg = Debug|Any CPU
		{DD4D64AB-8BCC-4619-8818-77C4C1A456FA}.Debug|Any CPU.Build.0 = Debug|Any CPU
		{DD4D64AB-8BCC-4619-8818-77C4C1A456FA}.Release|Any CPU.ActiveCfg = Release|Any CPU
		{DD4D64AB-8BCC-4619-8818-77C4C1A456FA}.Release|Any CPU.Build.0 = Release|Any CPU
	EndGlobalSection
	GlobalSection(SolutionProperties) = preSolution
		HideSolutionNode = FALSE
	EndGlobalSection
	GlobalSection(ExtensibilityGlobals) = postSolution
		SolutionGuid = {B0337795-AEE3-4BFB-82A9-78D08C7A555F}
	EndGlobalSection
EndGlobal
